// !$*UTF8*$!
{
	archiveVersion = 1;
	classes = {
	};
	objectVersion = 55;
	objects = {

/* Begin PBXBuildFile section */
		5B2AE6B928EC415A003A74BD /* Extensions.swift in Sources */ = {isa = PBXBuildFile; fileRef = 5B2AE6B828EC415A003A74BD /* Extensions.swift */; };
		5B2AE6BB28EC4197003A74BD /* PostTableViewCell.swift in Sources */ = {isa = PBXBuildFile; fileRef = 5B2AE6BA28EC4197003A74BD /* PostTableViewCell.swift */; };
		5B2AE6BD28EC4203003A74BD /* LogInViewController.swift in Sources */ = {isa = PBXBuildFile; fileRef = 5B2AE6BC28EC4203003A74BD /* LogInViewController.swift */; };
		5B2AE6BF28EC4817003A74BD /* PhotosTableViewCell.swift in Sources */ = {isa = PBXBuildFile; fileRef = 5B2AE6BE28EC4817003A74BD /* PhotosTableViewCell.swift */; };
		5B2AE6C128EC726F003A74BD /* PhotosViewController.swift in Sources */ = {isa = PBXBuildFile; fileRef = 5B2AE6C028EC726F003A74BD /* PhotosViewController.swift */; };
		5B2AE6C328EC72C1003A74BD /* PhotosCollectionViewCell.swift in Sources */ = {isa = PBXBuildFile; fileRef = 5B2AE6C228EC72C1003A74BD /* PhotosCollectionViewCell.swift */; };
		5B2AE6C528EC8C8E003A74BD /* PhotoModel.swift in Sources */ = {isa = PBXBuildFile; fileRef = 5B2AE6C428EC8C8E003A74BD /* PhotoModel.swift */; };
		5BBAE5DC28D088B1005C48D8 /* ProfileHeaderView.swift in Sources */ = {isa = PBXBuildFile; fileRef = 5BBAE5DB28D088B1005C48D8 /* ProfileHeaderView.swift */; };
		5BCED6A728BF1A93006049FF /* Post.swift in Sources */ = {isa = PBXBuildFile; fileRef = 5BCED6A628BF1A93006049FF /* Post.swift */; };
		5BCED6A928C0384F006049FF /* InfoViewController.swift in Sources */ = {isa = PBXBuildFile; fileRef = 5BCED6A828C0384F006049FF /* InfoViewController.swift */; };
		5BEBBE1428BDFD0C0079FC73 /* AppDelegate.swift in Sources */ = {isa = PBXBuildFile; fileRef = 5BEBBE1328BDFD0C0079FC73 /* AppDelegate.swift */; };
		5BEBBE1628BDFD0C0079FC73 /* SceneDelegate.swift in Sources */ = {isa = PBXBuildFile; fileRef = 5BEBBE1528BDFD0C0079FC73 /* SceneDelegate.swift */; };
		5BEBBE1828BDFD0C0079FC73 /* ViewController.swift in Sources */ = {isa = PBXBuildFile; fileRef = 5BEBBE1728BDFD0C0079FC73 /* ViewController.swift */; };
		5BEBBE1D28BDFD0D0079FC73 /* Assets.xcassets in Resources */ = {isa = PBXBuildFile; fileRef = 5BEBBE1C28BDFD0D0079FC73 /* Assets.xcassets */; };
		5BEBBE2028BDFD0D0079FC73 /* LaunchScreen.storyboard in Resources */ = {isa = PBXBuildFile; fileRef = 5BEBBE1E28BDFD0D0079FC73 /* LaunchScreen.storyboard */; };
		5BEBBE2A28BEC9F80079FC73 /* FeedViewController.swift in Sources */ = {isa = PBXBuildFile; fileRef = 5BEBBE2928BEC9F80079FC73 /* FeedViewController.swift */; };
		5BEBBE2C28BECA750079FC73 /* ProfileViewController.swift in Sources */ = {isa = PBXBuildFile; fileRef = 5BEBBE2B28BECA750079FC73 /* ProfileViewController.swift */; };
		5BEBBE3528BEE9820079FC73 /* PostViewController.swift in Sources */ = {isa = PBXBuildFile; fileRef = 5BEBBE3428BEE9820079FC73 /* PostViewController.swift */; };
/* End PBXBuildFile section */

/* Begin PBXFileReference section */
		5B2AE6B828EC415A003A74BD /* Extensions.swift */ = {isa = PBXFileReference; lastKnownFileType = sourcecode.swift; path = Extensions.swift; sourceTree = "<group>"; };
		5B2AE6BA28EC4197003A74BD /* PostTableViewCell.swift */ = {isa = PBXFileReference; lastKnownFileType = sourcecode.swift; path = PostTableViewCell.swift; sourceTree = "<group>"; };
		5B2AE6BC28EC4203003A74BD /* LogInViewController.swift */ = {isa = PBXFileReference; lastKnownFileType = sourcecode.swift; path = LogInViewController.swift; sourceTree = "<group>"; };
		5B2AE6BE28EC4817003A74BD /* PhotosTableViewCell.swift */ = {isa = PBXFileReference; lastKnownFileType = sourcecode.swift; path = PhotosTableViewCell.swift; sourceTree = "<group>"; };
		5B2AE6C028EC726F003A74BD /* PhotosViewController.swift */ = {isa = PBXFileReference; lastKnownFileType = sourcecode.swift; path = PhotosViewController.swift; sourceTree = "<group>"; };
		5B2AE6C228EC72C1003A74BD /* PhotosCollectionViewCell.swift */ = {isa = PBXFileReference; lastKnownFileType = sourcecode.swift; path = PhotosCollectionViewCell.swift; sourceTree = "<group>"; };
		5B2AE6C428EC8C8E003A74BD /* PhotoModel.swift */ = {isa = PBXFileReference; lastKnownFileType = sourcecode.swift; path = PhotoModel.swift; sourceTree = "<group>"; };
		5BBAE5DB28D088B1005C48D8 /* ProfileHeaderView.swift */ = {isa = PBXFileReference; lastKnownFileType = sourcecode.swift; path = ProfileHeaderView.swift; sourceTree = "<group>"; };
		5BCED6A628BF1A93006049FF /* Post.swift */ = {isa = PBXFileReference; lastKnownFileType = sourcecode.swift; path = Post.swift; sourceTree = "<group>"; };
		5BCED6A828C0384F006049FF /* InfoViewController.swift */ = {isa = PBXFileReference; lastKnownFileType = sourcecode.swift; path = InfoViewController.swift; sourceTree = "<group>"; };
		5BEBBE1028BDFD0B0079FC73 /* Navigation.app */ = {isa = PBXFileReference; explicitFileType = wrapper.application; includeInIndex = 0; path = Navigation.app; sourceTree = BUILT_PRODUCTS_DIR; };
		5BEBBE1328BDFD0C0079FC73 /* AppDelegate.swift */ = {isa = PBXFileReference; lastKnownFileType = sourcecode.swift; path = AppDelegate.swift; sourceTree = "<group>"; };
		5BEBBE1528BDFD0C0079FC73 /* SceneDelegate.swift */ = {isa = PBXFileReference; lastKnownFileType = sourcecode.swift; path = SceneDelegate.swift; sourceTree = "<group>"; };
		5BEBBE1728BDFD0C0079FC73 /* ViewController.swift */ = {isa = PBXFileReference; lastKnownFileType = sourcecode.swift; path = ViewController.swift; sourceTree = "<group>"; };
		5BEBBE1C28BDFD0D0079FC73 /* Assets.xcassets */ = {isa = PBXFileReference; lastKnownFileType = folder.assetcatalog; path = Assets.xcassets; sourceTree = "<group>"; };
		5BEBBE1F28BDFD0D0079FC73 /* Base */ = {isa = PBXFileReference; lastKnownFileType = file.storyboard; name = Base; path = Base.lproj/LaunchScreen.storyboard; sourceTree = "<group>"; };
		5BEBBE2728BE09B10079FC73 /* Info.plist */ = {isa = PBXFileReference; fileEncoding = 4; lastKnownFileType = text.plist.xml; path = Info.plist; sourceTree = "<group>"; };
		5BEBBE2928BEC9F80079FC73 /* FeedViewController.swift */ = {isa = PBXFileReference; lastKnownFileType = sourcecode.swift; path = FeedViewController.swift; sourceTree = "<group>"; };
		5BEBBE2B28BECA750079FC73 /* ProfileViewController.swift */ = {isa = PBXFileReference; lastKnownFileType = sourcecode.swift; path = ProfileViewController.swift; sourceTree = "<group>"; };
		5BEBBE3428BEE9820079FC73 /* PostViewController.swift */ = {isa = PBXFileReference; lastKnownFileType = sourcecode.swift; path = PostViewController.swift; sourceTree = "<group>"; };
/* End PBXFileReference section */

/* Begin PBXFrameworksBuildPhase section */
		5BEBBE0D28BDFD0B0079FC73 /* Frameworks */ = {
			isa = PBXFrameworksBuildPhase;
			buildActionMask = 2147483647;
			files = (
			);
			runOnlyForDeploymentPostprocessing = 0;
		};
/* End PBXFrameworksBuildPhase section */

/* Begin PBXGroup section */
		5BCED6A528BF1A33006049FF /* PostModule */ = {
			isa = PBXGroup;
			children = (
				5BEBBE3428BEE9820079FC73 /* PostViewController.swift */,
				5BCED6A628BF1A93006049FF /* Post.swift */,
				5B2AE6BA28EC4197003A74BD /* PostTableViewCell.swift */,
			);
			path = PostModule;
			sourceTree = "<group>";
		};
		5BEBBE0728BDFD0B0079FC73 = {
			isa = PBXGroup;
			children = (
				5BEBBE1228BDFD0B0079FC73 /* Navigation */,
				5BEBBE1128BDFD0B0079FC73 /* Products */,
			);
			sourceTree = "<group>";
		};
		5BEBBE1128BDFD0B0079FC73 /* Products */ = {
			isa = PBXGroup;
			children = (
				5BEBBE1028BDFD0B0079FC73 /* Navigation.app */,
			);
			name = Products;
			sourceTree = "<group>";
		};
		5BEBBE1228BDFD0B0079FC73 /* Navigation */ = {
			isa = PBXGroup;
			children = (
				5BEBBE2D28BEE5A20079FC73 /* Application */,
				5BEBBE2E28BEE5CF0079FC73 /* FeedModule */,
				5BEBBE2F28BEE5FD0079FC73 /* ProfileModule */,
				5BCED6A528BF1A33006049FF /* PostModule */,
				5BEBBE1728BDFD0C0079FC73 /* ViewController.swift */,
				5BCED6A828C0384F006049FF /* InfoViewController.swift */,
				5B2AE6B828EC415A003A74BD /* Extensions.swift */,
				5BEBBE1C28BDFD0D0079FC73 /* Assets.xcassets */,
				5BEBBE1E28BDFD0D0079FC73 /* LaunchScreen.storyboard */,
				5BEBBE2728BE09B10079FC73 /* Info.plist */,
				5B2AE6BE28EC4817003A74BD /* PhotosTableViewCell.swift */,
				5B2AE6C028EC726F003A74BD /* PhotosViewController.swift */,
				5B2AE6C228EC72C1003A74BD /* PhotosCollectionViewCell.swift */,
				5B2AE6C428EC8C8E003A74BD /* PhotoModel.swift */,
			);
			path = Navigation;
			sourceTree = "<group>";
		};
		5BEBBE2D28BEE5A20079FC73 /* Application */ = {
			isa = PBXGroup;
			children = (
				5BEBBE1328BDFD0C0079FC73 /* AppDelegate.swift */,
				5BEBBE1528BDFD0C0079FC73 /* SceneDelegate.swift */,
			);
			path = Application;
			sourceTree = "<group>";
		};
		5BEBBE2E28BEE5CF0079FC73 /* FeedModule */ = {
			isa = PBXGroup;
			children = (
				5BEBBE2928BEC9F80079FC73 /* FeedViewController.swift */,
			);
			path = FeedModule;
			sourceTree = "<group>";
		};
		5BEBBE2F28BEE5FD0079FC73 /* ProfileModule */ = {
			isa = PBXGroup;
			children = (
				5BEBBE2B28BECA750079FC73 /* ProfileViewController.swift */,
				5BBAE5DB28D088B1005C48D8 /* ProfileHeaderView.swift */,
				5B2AE6BC28EC4203003A74BD /* LogInViewController.swift */,
			);
			path = ProfileModule;
			sourceTree = "<group>";
		};
/* End PBXGroup section */

/* Begin PBXNativeTarget section */
		5BEBBE0F28BDFD0B0079FC73 /* Navigation */ = {
			isa = PBXNativeTarget;
			buildConfigurationList = 5BEBBE2428BDFD0D0079FC73 /* Build configuration list for PBXNativeTarget "Navigation" */;
			buildPhases = (
				5BEBBE0C28BDFD0B0079FC73 /* Sources */,
				5BEBBE0D28BDFD0B0079FC73 /* Frameworks */,
				5BEBBE0E28BDFD0B0079FC73 /* Resources */,
			);
			buildRules = (
			);
			dependencies = (
			);
			name = Navigation;
			productName = Navigation;
			productReference = 5BEBBE1028BDFD0B0079FC73 /* Navigation.app */;
			productType = "com.apple.product-type.application";
		};
/* End PBXNativeTarget section */

/* Begin PBXProject section */
		5BEBBE0828BDFD0B0079FC73 /* Project object */ = {
			isa = PBXProject;
			attributes = {
				BuildIndependentTargetsInParallel = 1;
				LastSwiftUpdateCheck = 1340;
				LastUpgradeCheck = 1340;
				TargetAttributes = {
					5BEBBE0F28BDFD0B0079FC73 = {
						CreatedOnToolsVersion = 13.4.1;
					};
				};
			};
			buildConfigurationList = 5BEBBE0B28BDFD0B0079FC73 /* Build configuration list for PBXProject "Navigation" */;
			compatibilityVersion = "Xcode 13.0";
			developmentRegion = en;
			hasScannedForEncodings = 0;
			knownRegions = (
				en,
				Base,
			);
			mainGroup = 5BEBBE0728BDFD0B0079FC73;
			productRefGroup = 5BEBBE1128BDFD0B0079FC73 /* Products */;
			projectDirPath = "";
			projectRoot = "";
			targets = (
				5BEBBE0F28BDFD0B0079FC73 /* Navigation */,
			);
		};
/* End PBXProject section */

/* Begin PBXResourcesBuildPhase section */
		5BEBBE0E28BDFD0B0079FC73 /* Resources */ = {
			isa = PBXResourcesBuildPhase;
			buildActionMask = 2147483647;
			files = (
				5BEBBE2028BDFD0D0079FC73 /* LaunchScreen.storyboard in Resources */,
				5BEBBE1D28BDFD0D0079FC73 /* Assets.xcassets in Resources */,
			);
			runOnlyForDeploymentPostprocessing = 0;
		};
/* End PBXResourcesBuildPhase section */

/* Begin PBXSourcesBuildPhase section */
		5BEBBE0C28BDFD0B0079FC73 /* Sources */ = {
			isa = PBXSourcesBuildPhase;
			buildActionMask = 2147483647;
			files = (
				5B2AE6C528EC8C8E003A74BD /* PhotoModel.swift in Sources */,
				5B2AE6BB28EC4197003A74BD /* PostTableViewCell.swift in Sources */,
				5BEBBE3528BEE9820079FC73 /* PostViewController.swift in Sources */,
				5BEBBE2A28BEC9F80079FC73 /* FeedViewController.swift in Sources */,
				5BCED6A728BF1A93006049FF /* Post.swift in Sources */,
				5BCED6A928C0384F006049FF /* InfoViewController.swift in Sources */,
				5BEBBE1828BDFD0C0079FC73 /* ViewController.swift in Sources */,
				5B2AE6B928EC415A003A74BD /* Extensions.swift in Sources */,
				5BEBBE2C28BECA750079FC73 /* ProfileViewController.swift in Sources */,
				5B2AE6BD28EC4203003A74BD /* LogInViewController.swift in Sources */,
				5B2AE6BF28EC4817003A74BD /* PhotosTableViewCell.swift in Sources */,
				5BBAE5DC28D088B1005C48D8 /* ProfileHeaderView.swift in Sources */,
				5B2AE6C128EC726F003A74BD /* PhotosViewController.swift in Sources */,
				5B2AE6C328EC72C1003A74BD /* PhotosCollectionViewCell.swift in Sources */,
				5BEBBE1428BDFD0C0079FC73 /* AppDelegate.swift in Sources */,
				5BEBBE1628BDFD0C0079FC73 /* SceneDelegate.swift in Sources */,
			);
			runOnlyForDeploymentPostprocessing = 0;
		};
/* End PBXSourcesBuildPhase section */

/* Begin PBXVariantGroup section */
		5BEBBE1E28BDFD0D0079FC73 /* LaunchScreen.storyboard */ = {
			isa = PBXVariantGroup;
			children = (
				5BEBBE1F28BDFD0D0079FC73 /* Base */,
			);
			name = LaunchScreen.storyboard;
			sourceTree = "<group>";
		};
/* End PBXVariantGroup section */

/* Begin XCBuildConfiguration section */
		5BEBBE2228BDFD0D0079FC73 /* Debug */ = {
			isa = XCBuildConfiguration;
			buildSettings = {
				ALWAYS_SEARCH_USER_PATHS = NO;
				CLANG_ANALYZER_NONNULL = YES;
				CLANG_ANALYZER_NUMBER_OBJECT_CONVERSION = YES_AGGRESSIVE;
				CLANG_CXX_LANGUAGE_STANDARD = "gnu++17";
				CLANG_ENABLE_MODULES = YES;
				CLANG_ENABLE_OBJC_ARC = YES;
				CLANG_ENABLE_OBJC_WEAK = YES;
				CLANG_WARN_BLOCK_CAPTURE_AUTORELEASING = YES;
				CLANG_WARN_BOOL_CONVERSION = YES;
				CLANG_WARN_COMMA = YES;
				CLANG_WARN_CONSTANT_CONVERSION = YES;
				CLANG_WARN_DEPRECATED_OBJC_IMPLEMENTATIONS = YES;
				CLANG_WARN_DIRECT_OBJC_ISA_USAGE = YES_ERROR;
				CLANG_WARN_DOCUMENTATION_COMMENTS = YES;
				CLANG_WARN_EMPTY_BODY = YES;
				CLANG_WARN_ENUM_CONVERSION = YES;
				CLANG_WARN_INFINITE_RECURSION = YES;
				CLANG_WARN_INT_CONVERSION = YES;
				CLANG_WARN_NON_LITERAL_NULL_CONVERSION = YES;
				CLANG_WARN_OBJC_IMPLICIT_RETAIN_SELF = YES;
				CLANG_WARN_OBJC_LITERAL_CONVERSION = YES;
				CLANG_WARN_OBJC_ROOT_CLASS = YES_ERROR;
				CLANG_WARN_QUOTED_INCLUDE_IN_FRAMEWORK_HEADER = YES;
				CLANG_WARN_RANGE_LOOP_ANALYSIS = YES;
				CLANG_WARN_STRICT_PROTOTYPES = YES;
				CLANG_WARN_SUSPICIOUS_MOVE = YES;
				CLANG_WARN_UNGUARDED_AVAILABILITY = YES_AGGRESSIVE;
				CLANG_WARN_UNREACHABLE_CODE = YES;
				CLANG_WARN__DUPLICATE_METHOD_MATCH = YES;
				COPY_PHASE_STRIP = NO;
				DEBUG_INFORMATION_FORMAT = dwarf;
				ENABLE_STRICT_OBJC_MSGSEND = YES;
				ENABLE_TESTABILITY = YES;
				GCC_C_LANGUAGE_STANDARD = gnu11;
				GCC_DYNAMIC_NO_PIC = NO;
				GCC_NO_COMMON_BLOCKS = YES;
				GCC_OPTIMIZATION_LEVEL = 0;
				GCC_PREPROCESSOR_DEFINITIONS = (
					"DEBUG=1",
					"$(inherited)",
				);
				GCC_WARN_64_TO_32_BIT_CONVERSION = YES;
				GCC_WARN_ABOUT_RETURN_TYPE = YES_ERROR;
				GCC_WARN_UNDECLARED_SELECTOR = YES;
				GCC_WARN_UNINITIALIZED_AUTOS = YES_AGGRESSIVE;
				GCC_WARN_UNUSED_FUNCTION = YES;
				GCC_WARN_UNUSED_VARIABLE = YES;
				IPHONEOS_DEPLOYMENT_TARGET = 15.5;
				MTL_ENABLE_DEBUG_INFO = INCLUDE_SOURCE;
				MTL_FAST_MATH = YES;
				ONLY_ACTIVE_ARCH = YES;
				SDKROOT = iphoneos;
				SWIFT_ACTIVE_COMPILATION_CONDITIONS = DEBUG;
				SWIFT_OPTIMIZATION_LEVEL = "-Onone";
			};
			name = Debug;
		};
		5BEBBE2328BDFD0D0079FC73 /* Release */ = {
			isa = XCBuildConfiguration;
			buildSettings = {
				ALWAYS_SEARCH_USER_PATHS = NO;
				CLANG_ANALYZER_NONNULL = YES;
				CLANG_ANALYZER_NUMBER_OBJECT_CONVERSION = YES_AGGRESSIVE;
				CLANG_CXX_LANGUAGE_STANDARD = "gnu++17";
				CLANG_ENABLE_MODULES = YES;
				CLANG_ENABLE_OBJC_ARC = YES;
				CLANG_ENABLE_OBJC_WEAK = YES;
				CLANG_WARN_BLOCK_CAPTURE_AUTORELEASING = YES;
				CLANG_WARN_BOOL_CONVERSION = YES;
				CLANG_WARN_COMMA = YES;
				CLANG_WARN_CONSTANT_CONVERSION = YES;
				CLANG_WARN_DEPRECATED_OBJC_IMPLEMENTATIONS = YES;
				CLANG_WARN_DIRECT_OBJC_ISA_USAGE = YES_ERROR;
				CLANG_WARN_DOCUMENTATION_COMMENTS = YES;
				CLANG_WARN_EMPTY_BODY = YES;
				CLANG_WARN_ENUM_CONVERSION = YES;
				CLANG_WARN_INFINITE_RECURSION = YES;
				CLANG_WARN_INT_CONVERSION = YES;
				CLANG_WARN_NON_LITERAL_NULL_CONVERSION = YES;
				CLANG_WARN_OBJC_IMPLICIT_RETAIN_SELF = YES;
				CLANG_WARN_OBJC_LITERAL_CONVERSION = YES;
				CLANG_WARN_OBJC_ROOT_CLASS = YES_ERROR;
				CLANG_WARN_QUOTED_INCLUDE_IN_FRAMEWORK_HEADER = YES;
				CLANG_WARN_RANGE_LOOP_ANALYSIS = YES;
				CLANG_WARN_STRICT_PROTOTYPES = YES;
				CLANG_WARN_SUSPICIOUS_MOVE = YES;
				CLANG_WARN_UNGUARDED_AVAILABILITY = YES_AGGRESSIVE;
				CLANG_WARN_UNREACHABLE_CODE = YES;
				CLANG_WARN__DUPLICATE_METHOD_MATCH = YES;
				COPY_PHASE_STRIP = NO;
				DEBUG_INFORMATION_FORMAT = "dwarf-with-dsym";
				ENABLE_NS_ASSERTIONS = NO;
				ENABLE_STRICT_OBJC_MSGSEND = YES;
				GCC_C_LANGUAGE_STANDARD = gnu11;
				GCC_NO_COMMON_BLOCKS = YES;
				GCC_WARN_64_TO_32_BIT_CONVERSION = YES;
				GCC_WARN_ABOUT_RETURN_TYPE = YES_ERROR;
				GCC_WARN_UNDECLARED_SELECTOR = YES;
				GCC_WARN_UNINITIALIZED_AUTOS = YES_AGGRESSIVE;
				GCC_WARN_UNUSED_FUNCTION = YES;
				GCC_WARN_UNUSED_VARIABLE = YES;
				IPHONEOS_DEPLOYMENT_TARGET = 15.5;
				MTL_ENABLE_DEBUG_INFO = NO;
				MTL_FAST_MATH = YES;
				SDKROOT = iphoneos;
				SWIFT_COMPILATION_MODE = wholemodule;
				SWIFT_OPTIMIZATION_LEVEL = "-O";
				VALIDATE_PRODUCT = YES;
			};
			name = Release;
		};
		5BEBBE2528BDFD0D0079FC73 /* Debug */ = {
			isa = XCBuildConfiguration;
			buildSettings = {
				ASSETCATALOG_COMPILER_APPICON_NAME = AppIcon;
				ASSETCATALOG_COMPILER_GLOBAL_ACCENT_COLOR_NAME = AccentColor;
				CODE_SIGN_STYLE = Automatic;
				CURRENT_PROJECT_VERSION = 1;
				DEVELOPMENT_TEAM = NPQ868V56Y;
				GENERATE_INFOPLIST_FILE = YES;
				INFOPLIST_FILE = Navigation/Info.plist;
				INFOPLIST_KEY_UIApplicationSupportsIndirectInputEvents = YES;
				INFOPLIST_KEY_UILaunchStoryboardName = LaunchScreen;
				INFOPLIST_KEY_UISupportedInterfaceOrientations_iPad = "UIInterfaceOrientationPortrait UIInterfaceOrientationPortraitUpsideDown UIInterfaceOrientationLandscapeLeft UIInterfaceOrientationLandscapeRight";
				INFOPLIST_KEY_UISupportedInterfaceOrientations_iPhone = "UIInterfaceOrientationPortrait UIInterfaceOrientationLandscapeLeft UIInterfaceOrientationLandscapeRight";
				LD_RUNPATH_SEARCH_PATHS = (
					"$(inherited)",
					"@executable_path/Frameworks",
				);
				MARKETING_VERSION = 1.0;
				PRODUCT_BUNDLE_IDENTIFIER = "alexeytilinin-yandex.ru.Navigation";
				PRODUCT_NAME = "$(TARGET_NAME)";
				SWIFT_EMIT_LOC_STRINGS = YES;
				SWIFT_VERSION = 5.0;
				TARGETED_DEVICE_FAMILY = "1,2";
			};
			name = Debug;
		};
		5BEBBE2628BDFD0D0079FC73 /* Release */ = {
			isa = XCBuildConfiguration;
			buildSettings = {
				ASSETCATALOG_COMPILER_APPICON_NAME = AppIcon;
				ASSETCATALOG_COMPILER_GLOBAL_ACCENT_COLOR_NAME = AccentColor;
				CODE_SIGN_STYLE = Automatic;
				CURRENT_PROJECT_VERSION = 1;
				DEVELOPMENT_TEAM = NPQ868V56Y;
				GENERATE_INFOPLIST_FILE = YES;
				INFOPLIST_FILE = Navigation/Info.plist;
				INFOPLIST_KEY_UIApplicationSupportsIndirectInputEvents = YES;
				INFOPLIST_KEY_UILaunchStoryboardName = LaunchScreen;
				INFOPLIST_KEY_UISupportedInterfaceOrientations_iPad = "UIInterfaceOrientationPortrait UIInterfaceOrientationPortraitUpsideDown UIInterfaceOrientationLandscapeLeft UIInterfaceOrientationLandscapeRight";
				INFOPLIST_KEY_UISupportedInterfaceOrientations_iPhone = "UIInterfaceOrientationPortrait UIInterfaceOrientationLandscapeLeft UIInterfaceOrientationLandscapeRight";
				LD_RUNPATH_SEARCH_PATHS = (
					"$(inherited)",
					"@executable_path/Frameworks",
				);
				MARKETING_VERSION = 1.0;
				PRODUCT_BUNDLE_IDENTIFIER = "alexeytilinin-yandex.ru.Navigation";
				PRODUCT_NAME = "$(TARGET_NAME)";
				SWIFT_EMIT_LOC_STRINGS = YES;
				SWIFT_VERSION = 5.0;
				TARGETED_DEVICE_FAMILY = "1,2";
			};
			name = Release;
		};
/* End XCBuildConfiguration section */

/* Begin XCConfigurationList section */
		5BEBBE0B28BDFD0B0079FC73 /* Build configuration list for PBXProject "Navigation" */ = {
			isa = XCConfigurationList;
			buildConfigurations = (
				5BEBBE2228BDFD0D0079FC73 /* Debug */,
				5BEBBE2328BDFD0D0079FC73 /* Release */,
			);
			defaultConfigurationIsVisible = 0;
			defaultConfigurationName = Release;
		};
		5BEBBE2428BDFD0D0079FC73 /* Build configuration list for PBXNativeTarget "Navigation" */ = {
			isa = XCConfigurationList;
			buildConfigurations = (
				5BEBBE2528BDFD0D0079FC73 /* Debug */,
				5BEBBE2628BDFD0D0079FC73 /* Release */,
			);
			defaultConfigurationIsVisible = 0;
			defaultConfigurationName = Release;
		};
/* End XCConfigurationList section */
	};
	rootObject = 5BEBBE0828BDFD0B0079FC73 /* Project object */;
}
